
Microsoft Visual Studio Solution File, Format Version 12.00
# Visual Studio Version 16
VisualStudioVersion = 16.0.30523.141
MinimumVisualStudioVersion = 10.0.40219.1
Project("{FAE04EC0-301F-11D3-BF4B-00C04F79EFBC}") = "week 1", "Oopp all labs\week 1.csproj", "{C493F951-DAA6-4EE4-8675-57F6905E14C4}"
EndProject
Project("{FAE04EC0-301F-11D3-BF4B-00C04F79EFBC}") = "week 2", "week 1\week 2.csproj", "{74BB1C6A-D500-4101-BD01-15280DF7EE32}"
EndProject
Project("{FAE04EC0-301F-11D3-BF4B-00C04F79EFBC}") = "week 3", "week 3\week 3.csproj", "{FC878C41-5436-4B79-B1DE-1E53755E9494}"
EndProject
Global
	GlobalSection(SolutionConfigurationPlatforms) = preSolution
		Debug|Any CPU = Debug|Any CPU
		Release|Any CPU = Release|Any CPU
	EndGlobalSection
	GlobalSection(ProjectConfigurationPlatforms) = postSolution
		{C493F951-DAA6-4EE4-8675-57F6905E14C4}.Debug|Any CPU.ActiveCfg = Debug|Any CPU
		{C493F951-DAA6-4EE4-8675-57F6905E14C4}.Debug|Any CPU.Build.0 = Debug|Any CPU
		{C493F951-DAA6-4EE4-8675-57F6905E14C4}.Release|Any CPU.ActiveCfg = Release|Any CPU
		{C493F951-DAA6-4EE4-8675-57F6905E14C4}.Release|Any CPU.Build.0 = Release|Any CPU
		{74BB1C6A-D500-4101-BD01-15280DF7EE32}.Debug|Any CPU.ActiveCfg = Debug|Any CPU
		{74BB1C6A-D500-4101-BD01-15280DF7EE32}.Debug|Any CPU.Build.0 = Debug|Any CPU
		{74BB1C6A-D500-4101-BD01-15280DF7EE32}.Release|Any CPU.ActiveCfg = Release|Any CPU
		{74BB1C6A-D500-4101-BD01-15280DF7EE32}.Release|Any CPU.Build.0 = Release|Any CPU
		{FC878C41-5436-4B79-B1DE-1E53755E9494}.Debug|Any CPU.ActiveCfg = Debug|Any CPU
		{FC878C41-5436-4B79-B1DE-1E53755E9494}.Debug|Any CPU.Build.0 = Debug|Any CPU
		{FC878C41-5436-4B79-B1DE-1E53755E9494}.Release|Any CPU.ActiveCfg = Release|Any CPU
		{FC878C41-5436-4B79-B1DE-1E53755E9494}.Release|Any CPU.Build.0 = Release|Any CPU
	EndGlobalSection
	GlobalSection(SolutionProperties) = preSolution
		HideSolutionNode = FALSE
	EndGlobalSection
	GlobalSection(ExtensibilityGlobals) = postSolution
		SolutionGuid = {45472437-A751-4CD1-A4C6-C86ED5F8D475}
	EndGlobalSection
EndGlobal
